
Microsoft Visual Studio Solution File, Format Version 12.00
# Visual Studio Version 17
VisualStudioVersion = 17.3.32929.385
MinimumVisualStudioVersion = 10.0.40219.1
Project("{FAE04EC0-301F-11D3-BF4B-00C04F79EFBC}") = "APBD8", "APBD8\APBD8.csproj", "{12A08D3F-09C4-44EE-83DD-8C516192AA02}"
EndProject
Global
	GlobalSection(SolutionConfigurationPlatforms) = preSolution
		Debug|Any CPU = Debug|Any CPU
		Release|Any CPU = Release|Any CPU
	EndGlobalSection
	GlobalSection(ProjectConfigurationPlatforms) = postSolution
		{12A08D3F-09C4-44EE-83DD-8C516192AA02}.Debug|Any CPU.ActiveCfg = Debug|Any CPU
		{12A08D3F-09C4-44EE-83DD-8C516192AA02}.Debug|Any CPU.Build.0 = Debug|Any CPU
		{12A08D3F-09C4-44EE-83DD-8C516192AA02}.Release|Any CPU.ActiveCfg = Release|Any CPU
		{12A08D3F-09C4-44EE-83DD-8C516192AA02}.Release|Any CPU.Build.0 = Release|Any CPU
	EndGlobalSection
	GlobalSection(SolutionProperties) = preSolution
		HideSolutionNode = FALSE
	EndGlobalSection
	GlobalSection(ExtensibilityGlobals) = postSolution
		SolutionGuid = {5FA4F862-D1B9-4393-AC35-E9ED2BCC1FB2}
	EndGlobalSection
EndGlobal
